
Microsoft Visual Studio Solution File, Format Version 12.00
# Visual Studio Version 17
VisualStudioVersion = 17.0.31903.59
MinimumVisualStudioVersion = 10.0.40219.1
Project("{FAE04EC0-301F-11D3-BF4B-00C04F79EFBC}") = "Domain", "src\Domain\Domain.csproj", "{B96838F9-D7B0-4C26-BB3F-DEE88EC374DF}"
EndProject
Project("{FAE04EC0-301F-11D3-BF4B-00C04F79EFBC}") = "Application", "src\Application\Application.csproj", "{113F1734-A3AA-46C1-967D-3C30F95765D0}"
EndProject
Project("{FAE04EC0-301F-11D3-BF4B-00C04F79EFBC}") = "Infrastructure", "src\Infrastructure\Infrastructure.csproj", "{5F2EA73C-B684-447F-92E1-D9D739974341}"
EndProject
Project("{FAE04EC0-301F-11D3-BF4B-00C04F79EFBC}") = "Host", "src\Host\Host.csproj", "{AA112C44-2F61-4024-922E-0F1387768F1E}"
EndProject
Project("{2150E333-8FDC-42A3-9474-1A3956D46DE8}") = "Testing", "Testing", "{6F10F4E2-1DB2-4D96-BF19-36B31FF176F8}"
EndProject
Project("{FAE04EC0-301F-11D3-BF4B-00C04F79EFBC}") = "UnitTests", "src\UnitTests\UnitTests.csproj", "{23D6F297-AFD0-4678-9E5D-BA7B73742E18}"
EndProject
Project("{FAE04EC0-301F-11D3-BF4B-00C04F79EFBC}") = "IntegrationTests", "src\IntegrationTests\IntegrationTests.csproj", "{0193ACA6-B6B9-491B-AB1A-AA12777D0294}"
EndProject
Global
	GlobalSection(SolutionConfigurationPlatforms) = preSolution
		Debug|Any CPU = Debug|Any CPU
		Release|Any CPU = Release|Any CPU
	EndGlobalSection
	GlobalSection(ProjectConfigurationPlatforms) = postSolution
		{B96838F9-D7B0-4C26-BB3F-DEE88EC374DF}.Debug|Any CPU.ActiveCfg = Debug|Any CPU
		{B96838F9-D7B0-4C26-BB3F-DEE88EC374DF}.Debug|Any CPU.Build.0 = Debug|Any CPU
		{B96838F9-D7B0-4C26-BB3F-DEE88EC374DF}.Release|Any CPU.ActiveCfg = Release|Any CPU
		{B96838F9-D7B0-4C26-BB3F-DEE88EC374DF}.Release|Any CPU.Build.0 = Release|Any CPU
		{113F1734-A3AA-46C1-967D-3C30F95765D0}.Debug|Any CPU.ActiveCfg = Debug|Any CPU
		{113F1734-A3AA-46C1-967D-3C30F95765D0}.Debug|Any CPU.Build.0 = Debug|Any CPU
		{113F1734-A3AA-46C1-967D-3C30F95765D0}.Release|Any CPU.ActiveCfg = Release|Any CPU
		{113F1734-A3AA-46C1-967D-3C30F95765D0}.Release|Any CPU.Build.0 = Release|Any CPU
		{5F2EA73C-B684-447F-92E1-D9D739974341}.Debug|Any CPU.ActiveCfg = Debug|Any CPU
		{5F2EA73C-B684-447F-92E1-D9D739974341}.Debug|Any CPU.Build.0 = Debug|Any CPU
		{5F2EA73C-B684-447F-92E1-D9D739974341}.Release|Any CPU.ActiveCfg = Release|Any CPU
		{5F2EA73C-B684-447F-92E1-D9D739974341}.Release|Any CPU.Build.0 = Release|Any CPU
		{AA112C44-2F61-4024-922E-0F1387768F1E}.Debug|Any CPU.ActiveCfg = Debug|Any CPU
		{AA112C44-2F61-4024-922E-0F1387768F1E}.Debug|Any CPU.Build.0 = Debug|Any CPU
		{AA112C44-2F61-4024-922E-0F1387768F1E}.Release|Any CPU.ActiveCfg = Release|Any CPU
		{AA112C44-2F61-4024-922E-0F1387768F1E}.Release|Any CPU.Build.0 = Release|Any CPU
		{23D6F297-AFD0-4678-9E5D-BA7B73742E18}.Debug|Any CPU.ActiveCfg = Debug|Any CPU
		{23D6F297-AFD0-4678-9E5D-BA7B73742E18}.Debug|Any CPU.Build.0 = Debug|Any CPU
		{23D6F297-AFD0-4678-9E5D-BA7B73742E18}.Release|Any CPU.ActiveCfg = Release|Any CPU
		{23D6F297-AFD0-4678-9E5D-BA7B73742E18}.Release|Any CPU.Build.0 = Release|Any CPU
		{0193ACA6-B6B9-491B-AB1A-AA12777D0294}.Debug|Any CPU.ActiveCfg = Debug|Any CPU
		{0193ACA6-B6B9-491B-AB1A-AA12777D0294}.Debug|Any CPU.Build.0 = Debug|Any CPU
		{0193ACA6-B6B9-491B-AB1A-AA12777D0294}.Release|Any CPU.ActiveCfg = Release|Any CPU
		{0193ACA6-B6B9-491B-AB1A-AA12777D0294}.Release|Any CPU.Build.0 = Release|Any CPU
	EndGlobalSection
	GlobalSection(SolutionProperties) = preSolution
		HideSolutionNode = FALSE
	EndGlobalSection
	GlobalSection(NestedProjects) = preSolution
		{23D6F297-AFD0-4678-9E5D-BA7B73742E18} = {6F10F4E2-1DB2-4D96-BF19-36B31FF176F8}
		{0193ACA6-B6B9-491B-AB1A-AA12777D0294} = {6F10F4E2-1DB2-4D96-BF19-36B31FF176F8}
	EndGlobalSection
EndGlobal
